# This file was autogenerated by uv via the following command:
#    scripts/lock_api_deps.sh
alembic==1.19.2
    # via gambrole-api
annotated-doc==0.0.5
    # via fastapi
annotated-types==0.8.0
    # via pydantic
anyio==4.15.1
    # via
    #   starlette
    #   watchfiles
asyncpg==0.31.0
    # via gambrole-api
cffi==2.1.1 ; platform_python_implementation != 'PyPy'
    # via cryptography
click==8.5.0
    # via uvicorn
cryptography==50.0.1
    # via pyjwt
fastapi==0.141.1
    # via gambrole-api
greenlet==3.5.5
    # via sqlalchemy
h11==0.16.0
    # via uvicorn
httptools==0.8.0
    # via uvicorn
idna==3.19
    # via anyio
mako==1.4.1
    # via alembic
markupsafe==3.0.3
    # via mako
pycparser==3.0 ; implementation_name != 'PyPy' and platform_python_implementation != 'PyPy'
    # via cffi
pydantic==2.13.5
    # via
    #   fastapi
    #   gambrole-core
    #   pydantic-settings
pydantic-core==2.46.5
    # via pydantic
pydantic-settings==2.15.0
    # via gambrole-api
pyjwt==2.13.0
    # via gambrole-api
python-dotenv==1.2.3
    # via
    #   pydantic-settings
    #   uvicorn
pyyaml==6.0.3
    # via uvicorn
sqlalchemy==2.0.52
    # via
    #   alembic
    #   gambrole-api
starlette==1.6.0
    # via fastapi
typing-extensions==4.16.0
    # via
    #   alembic
    #   anyio
    #   fastapi
    #   pydantic
    #   pydantic-core
    #   sqlalchemy
    #   typing-inspection
typing-inspection==0.4.4
    # via
    #   fastapi
    #   pydantic
    #   pydantic-settings
uvicorn==0.52.4
    # via gambrole-api
uvloop==0.22.1 ; platform_python_implementation != 'PyPy' and sys_platform != 'cygwin' and sys_platform != 'win32'
    # via uvicorn
watchfiles==1.2.0
    # via uvicorn
websockets==16.1.1
    # via uvicorn

# The following packages were excluded from the output:
# gambrole-core
# gambrole-api
